PODS:
  - CryptoSwift (0.14.0)
  - HaventecAuthenticate (0.0.10):
    - HaventecCommon
    - JWTDecode (~> 2.2)
    - SwiftKeychainWrapper
  - HaventecCommon (1.0.6):
    - CryptoSwift
  - JWTDecode (2.2.0)
  - SwiftKeychainWrapper (3.2.0)

DEPENDENCIES:
  - HaventecAuthenticate (from `../`)
  - HaventecCommon (from `/Users/justincrosbie/dev/haven/sdk/ios/common-ios-sdk`)

SPEC REPOS:
  https://github.com/cocoapods/specs.git:
    - CryptoSwift
    - JWTDecode
    - SwiftKeychainWrapper

EXTERNAL SOURCES:
  HaventecAuthenticate:
    :path: "../"
  HaventecCommon:
    :path: "/Users/justincrosbie/dev/haven/sdk/ios/common-ios-sdk"

SPEC CHECKSUMS:
  CryptoSwift: 35a10419f4dbf0619c13f8c1c180037e115323fa
  HaventecAuthenticate: 2637bee91c0715f1639213715070ff762393b196
  HaventecCommon: a9f7ca3044545f24cb59af4d017a86697363eb1c
  JWTDecode: 85a405ab16d5473e99bd89ded1d535090ebd6a0e
  SwiftKeychainWrapper: 82c4c02cdc36f9a24f7edfcaab3e336401caa1a1

PODFILE CHECKSUM: 2546abde8db34453d37d56378ee685e8c67f8786

COCOAPODS: 1.6.0
