PODS:
  - HaventecAuthenticate (0.0.1):
    - HaventecCommon
    - SwiftKeychainWrapper
  - HaventecCommon (0.0.3)
  - SwiftKeychainWrapper (3.2.0)

DEPENDENCIES:
  - HaventecAuthenticate (from `../`)
  - HaventecCommon

SPEC REPOS:
  https://github.com/cocoapods/specs.git:
    - HaventecCommon
    - SwiftKeychainWrapper

EXTERNAL SOURCES:
  HaventecAuthenticate:
    :path: "../"

SPEC CHECKSUMS:
  HaventecAuthenticate: 8479cce906fe2665fe7d2b800eafbbcd79232abe
  HaventecCommon: ed384a049e05193d29674e62bbe8c2807b7b7f7a
  SwiftKeychainWrapper: 82c4c02cdc36f9a24f7edfcaab3e336401caa1a1

PODFILE CHECKSUM: b4a132c4df4f8b2b21e67214004ecaad2dd65eb8

COCOAPODS: 1.6.0
